// !$*UTF8*$!
{
	archiveVersion = 1;
	classes = {
	};
	objectVersion = 55;
	objects = {

/* Begin PBXBuildFile section */
		5C4AE963281E978B00A07B51 /* AppDelegate.swift in Sources */ = {isa = PBXBuildFile; fileRef = 5C4AE962281E978B00A07B51 /* AppDelegate.swift */; };
		5C4AE965281E978B00A07B51 /* SceneDelegate.swift in Sources */ = {isa = PBXBuildFile; fileRef = 5C4AE964281E978B00A07B51 /* SceneDelegate.swift */; };
		5C4AE96C281E978E00A07B51 /* Assets.xcassets in Resources */ = {isa = PBXBuildFile; fileRef = 5C4AE96B281E978E00A07B51 /* Assets.xcassets */; };
		5C4AE96F281E978E00A07B51 /* LaunchScreen.storyboard in Resources */ = {isa = PBXBuildFile; fileRef = 5C4AE96D281E978E00A07B51 /* LaunchScreen.storyboard */; };
		5C4AE97E281E987B00A07B51 /* HomeViewController.swift in Sources */ = {isa = PBXBuildFile; fileRef = 5C4AE97D281E987B00A07B51 /* HomeViewController.swift */; };
		5C4AE980281E98F400A07B51 /* HomeTableViewCell.swift in Sources */ = {isa = PBXBuildFile; fileRef = 5C4AE97F281E98F400A07B51 /* HomeTableViewCell.swift */; };
		5C4AE982281E992E00A07B51 /* HomeCollectionViewCell.swift in Sources */ = {isa = PBXBuildFile; fileRef = 5C4AE981281E992E00A07B51 /* HomeCollectionViewCell.swift */; };
		5C4AE984281E99AB00A07B51 /* CollectionViewCustomFlowLayout.swift in Sources */ = {isa = PBXBuildFile; fileRef = 5C4AE983281E99AB00A07B51 /* CollectionViewCustomFlowLayout.swift */; };
/* End PBXBuildFile section */

/* Begin PBXFileReference section */
		5C4AE95F281E978B00A07B51 /* DeltatreAssignment.app */ = {isa = PBXFileReference; explicitFileType = wrapper.application; includeInIndex = 0; path = DeltatreAssignment.app; sourceTree = BUILT_PRODUCTS_DIR; };
		5C4AE962281E978B00A07B51 /* AppDelegate.swift */ = {isa = PBXFileReference; lastKnownFileType = sourcecode.swift; path = AppDelegate.swift; sourceTree = "<group>"; };
		5C4AE964281E978B00A07B51 /* SceneDelegate.swift */ = {isa = PBXFileReference; lastKnownFileType = sourcecode.swift; path = SceneDelegate.swift; sourceTree = "<group>"; };
		5C4AE96B281E978E00A07B51 /* Assets.xcassets */ = {isa = PBXFileReference; lastKnownFileType = folder.assetcatalog; path = Assets.xcassets; sourceTree = "<group>"; };
		5C4AE96E281E978E00A07B51 /* Base */ = {isa = PBXFileReference; lastKnownFileType = file.storyboard; name = Base; path = Base.lproj/LaunchScreen.storyboard; sourceTree = "<group>"; };
		5C4AE970281E978E00A07B51 /* Info.plist */ = {isa = PBXFileReference; lastKnownFileType = text.plist.xml; path = Info.plist; sourceTree = "<group>"; };
		5C4AE97D281E987B00A07B51 /* HomeViewController.swift */ = {isa = PBXFileReference; lastKnownFileType = sourcecode.swift; path = HomeViewController.swift; sourceTree = "<group>"; };
		5C4AE97F281E98F400A07B51 /* HomeTableViewCell.swift */ = {isa = PBXFileReference; lastKnownFileType = sourcecode.swift; path = HomeTableViewCell.swift; sourceTree = "<group>"; };
		5C4AE981281E992E00A07B51 /* HomeCollectionViewCell.swift */ = {isa = PBXFileReference; lastKnownFileType = sourcecode.swift; path = HomeCollectionViewCell.swift; sourceTree = "<group>"; };
		5C4AE983281E99AB00A07B51 /* CollectionViewCustomFlowLayout.swift */ = {isa = PBXFileReference; lastKnownFileType = sourcecode.swift; path = CollectionViewCustomFlowLayout.swift; sourceTree = "<group>"; };
/* End PBXFileReference section */

/* Begin PBXFrameworksBuildPhase section */
		5C4AE95C281E978B00A07B51 /* Frameworks */ = {
			isa = PBXFrameworksBuildPhase;
			buildActionMask = 2147483647;
			files = (
			);
			runOnlyForDeploymentPostprocessing = 0;
		};
/* End PBXFrameworksBuildPhase section */

/* Begin PBXGroup section */
		5C4AE956281E978B00A07B51 = {
			isa = PBXGroup;
			children = (
				5C4AE961281E978B00A07B51 /* DeltatreAssignment */,
				5C4AE960281E978B00A07B51 /* Products */,
			);
			sourceTree = "<group>";
		};
		5C4AE960281E978B00A07B51 /* Products */ = {
			isa = PBXGroup;
			children = (
				5C4AE95F281E978B00A07B51 /* DeltatreAssignment.app */,
			);
			name = Products;
			sourceTree = "<group>";
		};
		5C4AE961281E978B00A07B51 /* DeltatreAssignment */ = {
			isa = PBXGroup;
			children = (
				5C4AE976281E97BF00A07B51 /* AppLauncher */,
				5C4AE977281E97D900A07B51 /* Controllers */,
				5C4AE978281E97DF00A07B51 /* Layouts */,
				5C4AE979281E97E900A07B51 /* Storyboards */,
				5C4AE97A281E97F000A07B51 /* Resources */,
			);
			path = DeltatreAssignment;
			sourceTree = "<group>";
		};
		5C4AE976281E97BF00A07B51 /* AppLauncher */ = {
			isa = PBXGroup;
			children = (
				5C4AE962281E978B00A07B51 /* AppDelegate.swift */,
				5C4AE964281E978B00A07B51 /* SceneDelegate.swift */,
			);
			path = AppLauncher;
			sourceTree = "<group>";
		};
		5C4AE977281E97D900A07B51 /* Controllers */ = {
			isa = PBXGroup;
			children = (
				5C4AE97B281E985F00A07B51 /* Home */,
			);
			path = Controllers;
			sourceTree = "<group>";
		};
		5C4AE978281E97DF00A07B51 /* Layouts */ = {
			isa = PBXGroup;
			children = (
				5C4AE983281E99AB00A07B51 /* CollectionViewCustomFlowLayout.swift */,
			);
			path = Layouts;
			sourceTree = "<group>";
		};
		5C4AE979281E97E900A07B51 /* Storyboards */ = {
			isa = PBXGroup;
			children = (
				5C4AE96D281E978E00A07B51 /* LaunchScreen.storyboard */,
			);
			path = Storyboards;
			sourceTree = "<group>";
		};
		5C4AE97A281E97F000A07B51 /* Resources */ = {
			isa = PBXGroup;
			children = (
				5C4AE96B281E978E00A07B51 /* Assets.xcassets */,
				5C4AE970281E978E00A07B51 /* Info.plist */,
			);
			path = Resources;
			sourceTree = "<group>";
		};
		5C4AE97B281E985F00A07B51 /* Home */ = {
			isa = PBXGroup;
			children = (
				5C4AE97C281E986500A07B51 /* Views */,
			);
			path = Home;
			sourceTree = "<group>";
		};
		5C4AE97C281E986500A07B51 /* Views */ = {
			isa = PBXGroup;
			children = (
				5C4AE97D281E987B00A07B51 /* HomeViewController.swift */,
				5C4AE97F281E98F400A07B51 /* HomeTableViewCell.swift */,
				5C4AE981281E992E00A07B51 /* HomeCollectionViewCell.swift */,
			);
			path = Views;
			sourceTree = "<group>";
		};
/* End PBXGroup section */

/* Begin PBXNativeTarget section */
		5C4AE95E281E978B00A07B51 /* DeltatreAssignment */ = {
			isa = PBXNativeTarget;
			buildConfigurationList = 5C4AE973281E978E00A07B51 /* Build configuration list for PBXNativeTarget "DeltatreAssignment" */;
			buildPhases = (
				5C4AE95B281E978B00A07B51 /* Sources */,
				5C4AE95C281E978B00A07B51 /* Frameworks */,
				5C4AE95D281E978B00A07B51 /* Resources */,
			);
			buildRules = (
			);
			dependencies = (
			);
			name = DeltatreAssignment;
			productName = DeltatreAssignment;
			productReference = 5C4AE95F281E978B00A07B51 /* DeltatreAssignment.app */;
			productType = "com.apple.product-type.application";
		};
/* End PBXNativeTarget section */

/* Begin PBXProject section */
		5C4AE957281E978B00A07B51 /* Project object */ = {
			isa = PBXProject;
			attributes = {
				BuildIndependentTargetsInParallel = 1;
				LastSwiftUpdateCheck = 1310;
				LastUpgradeCheck = 1310;
				TargetAttributes = {
					5C4AE95E281E978B00A07B51 = {
						CreatedOnToolsVersion = 13.1;
					};
				};
			};
			buildConfigurationList = 5C4AE95A281E978B00A07B51 /* Build configuration list for PBXProject "DeltatreAssignment" */;
			compatibilityVersion = "Xcode 13.0";
			developmentRegion = en;
			hasScannedForEncodings = 0;
			knownRegions = (
				en,
				Base,
			);
			mainGroup = 5C4AE956281E978B00A07B51;
			productRefGroup = 5C4AE960281E978B00A07B51 /* Products */;
			projectDirPath = "";
			projectRoot = "";
			targets = (
				5C4AE95E281E978B00A07B51 /* DeltatreAssignment */,
			);
		};
/* End PBXProject section */

/* Begin PBXResourcesBuildPhase section */
		5C4AE95D281E978B00A07B51 /* Resources */ = {
			isa = PBXResourcesBuildPhase;
			buildActionMask = 2147483647;
			files = (
				5C4AE96F281E978E00A07B51 /* LaunchScreen.storyboard in Resources */,
				5C4AE96C281E978E00A07B51 /* Assets.xcassets in Resources */,
			);
			runOnlyForDeploymentPostprocessing = 0;
		};
/* End PBXResourcesBuildPhase section */

/* Begin PBXSourcesBuildPhase section */
		5C4AE95B281E978B00A07B51 /* Sources */ = {
			isa = PBXSourcesBuildPhase;
			buildActionMask = 2147483647;
			files = (
				5C4AE982281E992E00A07B51 /* HomeCollectionViewCell.swift in Sources */,
				5C4AE963281E978B00A07B51 /* AppDelegate.swift in Sources */,
				5C4AE965281E978B00A07B51 /* SceneDelegate.swift in Sources */,
				5C4AE984281E99AB00A07B51 /* CollectionViewCustomFlowLayout.swift in Sources */,
				5C4AE980281E98F400A07B51 /* HomeTableViewCell.swift in Sources */,
				5C4AE97E281E987B00A07B51 /* HomeViewController.swift in Sources */,
			);
			runOnlyForDeploymentPostprocessing = 0;
		};
/* End PBXSourcesBuildPhase section */

/* Begin PBXVariantGroup section */
		5C4AE96D281E978E00A07B51 /* LaunchScreen.storyboard */ = {
			isa = PBXVariantGroup;
			children = (
				5C4AE96E281E978E00A07B51 /* Base */,
			);
			name = LaunchScreen.storyboard;
			sourceTree = "<group>";
		};
/* End PBXVariantGroup section */

/* Begin XCBuildConfiguration section */
		5C4AE971281E978E00A07B51 /* Debug */ = {
			isa = XCBuildConfiguration;
			buildSettings = {
				ALWAYS_SEARCH_USER_PATHS = NO;
				CLANG_ANALYZER_NONNULL = YES;
				CLANG_ANALYZER_NUMBER_OBJECT_CONVERSION = YES_AGGRESSIVE;
				CLANG_CXX_LANGUAGE_STANDARD = "gnu++17";
				CLANG_CXX_LIBRARY = "libc++";
				CLANG_ENABLE_MODULES = YES;
				CLANG_ENABLE_OBJC_ARC = YES;
				CLANG_ENABLE_OBJC_WEAK = YES;
				CLANG_WARN_BLOCK_CAPTURE_AUTORELEASING = YES;
				CLANG_WARN_BOOL_CONVERSION = YES;
				CLANG_WARN_COMMA = YES;
				CLANG_WARN_CONSTANT_CONVERSION = YES;
				CLANG_WARN_DEPRECATED_OBJC_IMPLEMENTATIONS = YES;
				CLANG_WARN_DIRECT_OBJC_ISA_USAGE = YES_ERROR;
				CLANG_WARN_DOCUMENTATION_COMMENTS = YES;
				CLANG_WARN_EMPTY_BODY = YES;
				CLANG_WARN_ENUM_CONVERSION = YES;
				CLANG_WARN_INFINITE_RECURSION = YES;
				CLANG_WARN_INT_CONVERSION = YES;
				CLANG_WARN_NON_LITERAL_NULL_CONVERSION = YES;
				CLANG_WARN_OBJC_IMPLICIT_RETAIN_SELF = YES;
				CLANG_WARN_OBJC_LITERAL_CONVERSION = YES;
				CLANG_WARN_OBJC_ROOT_CLASS = YES_ERROR;
				CLANG_WARN_QUOTED_INCLUDE_IN_FRAMEWORK_HEADER = YES;
				CLANG_WARN_RANGE_LOOP_ANALYSIS = YES;
				CLANG_WARN_STRICT_PROTOTYPES = YES;
				CLANG_WARN_SUSPICIOUS_MOVE = YES;
				CLANG_WARN_UNGUARDED_AVAILABILITY = YES_AGGRESSIVE;
				CLANG_WARN_UNREACHABLE_CODE = YES;
				CLANG_WARN__DUPLICATE_METHOD_MATCH = YES;
				COPY_PHASE_STRIP = NO;
				DEBUG_INFORMATION_FORMAT = dwarf;
				ENABLE_STRICT_OBJC_MSGSEND = YES;
				ENABLE_TESTABILITY = YES;
				GCC_C_LANGUAGE_STANDARD = gnu11;
				GCC_DYNAMIC_NO_PIC = NO;
				GCC_NO_COMMON_BLOCKS = YES;
				GCC_OPTIMIZATION_LEVEL = 0;
				GCC_PREPROCESSOR_DEFINITIONS = (
					"DEBUG=1",
					"$(inherited)",
				);
				GCC_WARN_64_TO_32_BIT_CONVERSION = YES;
				GCC_WARN_ABOUT_RETURN_TYPE = YES_ERROR;
				GCC_WARN_UNDECLARED_SELECTOR = YES;
				GCC_WARN_UNINITIALIZED_AUTOS = YES_AGGRESSIVE;
				GCC_WARN_UNUSED_FUNCTION = YES;
				GCC_WARN_UNUSED_VARIABLE = YES;
				IPHONEOS_DEPLOYMENT_TARGET = 15.0;
				MTL_ENABLE_DEBUG_INFO = INCLUDE_SOURCE;
				MTL_FAST_MATH = YES;
				ONLY_ACTIVE_ARCH = YES;
				SDKROOT = iphoneos;
				SWIFT_ACTIVE_COMPILATION_CONDITIONS = DEBUG;
				SWIFT_OPTIMIZATION_LEVEL = "-Onone";
			};
			name = Debug;
		};
		5C4AE972281E978E00A07B51 /* Release */ = {
			isa = XCBuildConfiguration;
			buildSettings = {
				ALWAYS_SEARCH_USER_PATHS = NO;
				CLANG_ANALYZER_NONNULL = YES;
				CLANG_ANALYZER_NUMBER_OBJECT_CONVERSION = YES_AGGRESSIVE;
				CLANG_CXX_LANGUAGE_STANDARD = "gnu++17";
				CLANG_CXX_LIBRARY = "libc++";
				CLANG_ENABLE_MODULES = YES;
				CLANG_ENABLE_OBJC_ARC = YES;
				CLANG_ENABLE_OBJC_WEAK = YES;
				CLANG_WARN_BLOCK_CAPTURE_AUTORELEASING = YES;
				CLANG_WARN_BOOL_CONVERSION = YES;
				CLANG_WARN_COMMA = YES;
				CLANG_WARN_CONSTANT_CONVERSION = YES;
				CLANG_WARN_DEPRECATED_OBJC_IMPLEMENTATIONS = YES;
				CLANG_WARN_DIRECT_OBJC_ISA_USAGE = YES_ERROR;
				CLANG_WARN_DOCUMENTATION_COMMENTS = YES;
				CLANG_WARN_EMPTY_BODY = YES;
				CLANG_WARN_ENUM_CONVERSION = YES;
				CLANG_WARN_INFINITE_RECURSION = YES;
				CLANG_WARN_INT_CONVERSION = YES;
				CLANG_WARN_NON_LITERAL_NULL_CONVERSION = YES;
				CLANG_WARN_OBJC_IMPLICIT_RETAIN_SELF = YES;
				CLANG_WARN_OBJC_LITERAL_CONVERSION = YES;
				CLANG_WARN_OBJC_ROOT_CLASS = YES_ERROR;
				CLANG_WARN_QUOTED_INCLUDE_IN_FRAMEWORK_HEADER = YES;
				CLANG_WARN_RANGE_LOOP_ANALYSIS = YES;
				CLANG_WARN_STRICT_PROTOTYPES = YES;
				CLANG_WARN_SUSPICIOUS_MOVE = YES;
				CLANG_WARN_UNGUARDED_AVAILABILITY = YES_AGGRESSIVE;
				CLANG_WARN_UNREACHABLE_CODE = YES;
				CLANG_WARN__DUPLICATE_METHOD_MATCH = YES;
				COPY_PHASE_STRIP = NO;
				DEBUG_INFORMATION_FORMAT = "dwarf-with-dsym";
				ENABLE_NS_ASSERTIONS = NO;
				ENABLE_STRICT_OBJC_MSGSEND = YES;
				GCC_C_LANGUAGE_STANDARD = gnu11;
				GCC_NO_COMMON_BLOCKS = YES;
				GCC_WARN_64_TO_32_BIT_CONVERSION = YES;
				GCC_WARN_ABOUT_RETURN_TYPE = YES_ERROR;
				GCC_WARN_UNDECLARED_SELECTOR = YES;
				GCC_WARN_UNINITIALIZED_AUTOS = YES_AGGRESSIVE;
				GCC_WARN_UNUSED_FUNCTION = YES;
				GCC_WARN_UNUSED_VARIABLE = YES;
				IPHONEOS_DEPLOYMENT_TARGET = 15.0;
				MTL_ENABLE_DEBUG_INFO = NO;
				MTL_FAST_MATH = YES;
				SDKROOT = iphoneos;
				SWIFT_COMPILATION_MODE = wholemodule;
				SWIFT_OPTIMIZATION_LEVEL = "-O";
				VALIDATE_PRODUCT = YES;
			};
			name = Release;
		};
		5C4AE974281E978E00A07B51 /* Debug */ = {
			isa = XCBuildConfiguration;
			buildSettings = {
				ASSETCATALOG_COMPILER_APPICON_NAME = AppIcon;
				ASSETCATALOG_COMPILER_GLOBAL_ACCENT_COLOR_NAME = AccentColor;
				CODE_SIGN_STYLE = Automatic;
				CURRENT_PROJECT_VERSION = 1;
				DEVELOPMENT_TEAM = R6EWZ5K58V;
				GENERATE_INFOPLIST_FILE = YES;
				INFOPLIST_FILE = /Users/ishu/Documents/Ishwar/Deltatre/DeltatreAssignment/DeltatreAssignment/Resources/Info.plist;
				INFOPLIST_KEY_UIApplicationSupportsIndirectInputEvents = YES;
				INFOPLIST_KEY_UILaunchStoryboardName = LaunchScreen;
				INFOPLIST_KEY_UISupportedInterfaceOrientations_iPad = "UIInterfaceOrientationPortrait UIInterfaceOrientationPortraitUpsideDown UIInterfaceOrientationLandscapeLeft UIInterfaceOrientationLandscapeRight";
				INFOPLIST_KEY_UISupportedInterfaceOrientations_iPhone = "UIInterfaceOrientationPortrait UIInterfaceOrientationLandscapeLeft UIInterfaceOrientationLandscapeRight";
				LD_RUNPATH_SEARCH_PATHS = (
					"$(inherited)",
					"@executable_path/Frameworks",
				);
				MARKETING_VERSION = 1.0;
				PRODUCT_BUNDLE_IDENTIFIER = com.ishwar.DeltatreAssignment;
				PRODUCT_NAME = "$(TARGET_NAME)";
				SWIFT_EMIT_LOC_STRINGS = YES;
				SWIFT_VERSION = 5.0;
				TARGETED_DEVICE_FAMILY = "1,2";
			};
			name = Debug;
		};
		5C4AE975281E978E00A07B51 /* Release */ = {
			isa = XCBuildConfiguration;
			buildSettings = {
				ASSETCATALOG_COMPILER_APPICON_NAME = AppIcon;
				ASSETCATALOG_COMPILER_GLOBAL_ACCENT_COLOR_NAME = AccentColor;
				CODE_SIGN_STYLE = Automatic;
				CURRENT_PROJECT_VERSION = 1;
				DEVELOPMENT_TEAM = R6EWZ5K58V;
				GENERATE_INFOPLIST_FILE = YES;
				INFOPLIST_FILE = /Users/ishu/Documents/Ishwar/Deltatre/DeltatreAssignment/DeltatreAssignment/Resources/Info.plist;
				INFOPLIST_KEY_UIApplicationSupportsIndirectInputEvents = YES;
				INFOPLIST_KEY_UILaunchStoryboardName = LaunchScreen;
				INFOPLIST_KEY_UISupportedInterfaceOrientations_iPad = "UIInterfaceOrientationPortrait UIInterfaceOrientationPortraitUpsideDown UIInterfaceOrientationLandscapeLeft UIInterfaceOrientationLandscapeRight";
				INFOPLIST_KEY_UISupportedInterfaceOrientations_iPhone = "UIInterfaceOrientationPortrait UIInterfaceOrientationLandscapeLeft UIInterfaceOrientationLandscapeRight";
				LD_RUNPATH_SEARCH_PATHS = (
					"$(inherited)",
					"@executable_path/Frameworks",
				);
				MARKETING_VERSION = 1.0;
				PRODUCT_BUNDLE_IDENTIFIER = com.ishwar.DeltatreAssignment;
				PRODUCT_NAME = "$(TARGET_NAME)";
				SWIFT_EMIT_LOC_STRINGS = YES;
				SWIFT_VERSION = 5.0;
				TARGETED_DEVICE_FAMILY = "1,2";
			};
			name = Release;
		};
/* End XCBuildConfiguration section */

/* Begin XCConfigurationList section */
		5C4AE95A281E978B00A07B51 /* Build configuration list for PBXProject "DeltatreAssignment" */ = {
			isa = XCConfigurationList;
			buildConfigurations = (
				5C4AE971281E978E00A07B51 /* Debug */,
				5C4AE972281E978E00A07B51 /* Release */,
			);
			defaultConfigurationIsVisible = 0;
			defaultConfigurationName = Release;
		};
		5C4AE973281E978E00A07B51 /* Build configuration list for PBXNativeTarget "DeltatreAssignment" */ = {
			isa = XCConfigurationList;
			buildConfigurations = (
				5C4AE974281E978E00A07B51 /* Debug */,
				5C4AE975281E978E00A07B51 /* Release */,
			);
			defaultConfigurationIsVisible = 0;
			defaultConfigurationName = Release;
		};
/* End XCConfigurationList section */
	};
	rootObject = 5C4AE957281E978B00A07B51 /* Project object */;
}
